
Microsoft Visual Studio Solution File, Format Version 12.00
# Visual Studio Version 16
VisualStudioVersion = 16.0.29201.188
MinimumVisualStudioVersion = 10.0.40219.1
Project("{FAE04EC0-301F-11D3-BF4B-00C04F79EFBC}") = "MyShop.WebUI", "MyShop.WebUI\MyShop.WebUI.csproj", "{17923C48-AC75-47F2-A8A6-705A6C949339}"
EndProject
Project("{FAE04EC0-301F-11D3-BF4B-00C04F79EFBC}") = "MyShop.WebUI.Tests", "MyShop.WebUI.Tests\MyShop.WebUI.Tests.csproj", "{CDE4E9E3-C8FD-4E6E-8ED0-312A75BA1023}"
EndProject
Project("{FAE04EC0-301F-11D3-BF4B-00C04F79EFBC}") = "MyShop.Core", "MyShop.Core\MyShop.Core.csproj", "{43D9CFA0-FC94-4647-8EDB-4AD262369B72}"
EndProject
Project("{FAE04EC0-301F-11D3-BF4B-00C04F79EFBC}") = "MyShop.DataAccess.InMemory", "MyShop.DataAccess.InMemory\MyShop.DataAccess.InMemory.csproj", "{D13A7BD8-8BA7-429D-A43D-DFD894BA6AAC}"
EndProject
Project("{FAE04EC0-301F-11D3-BF4B-00C04F79EFBC}") = "MyShop.DataAccess.SQL", "MyShop.DataAccess.SQL\MyShop.DataAccess.SQL.csproj", "{EAECEF7F-5C71-4AD9-99E4-C3B35C84BEC3}"
EndProject
Project("{FAE04EC0-301F-11D3-BF4B-00C04F79EFBC}") = "MyShop.Services", "MyShop.Services\MyShop.Services.csproj", "{C8621A41-4E07-4A61-B8EC-A75B46DFFBBC}"
EndProject
Global
	GlobalSection(SolutionConfigurationPlatforms) = preSolution
		Debug|Any CPU = Debug|Any CPU
		Release|Any CPU = Release|Any CPU
	EndGlobalSection
	GlobalSection(ProjectConfigurationPlatforms) = postSolution
		{17923C48-AC75-47F2-A8A6-705A6C949339}.Debug|Any CPU.ActiveCfg = Debug|Any CPU
		{17923C48-AC75-47F2-A8A6-705A6C949339}.Debug|Any CPU.Build.0 = Debug|Any CPU
		{17923C48-AC75-47F2-A8A6-705A6C949339}.Release|Any CPU.ActiveCfg = Release|Any CPU
		{17923C48-AC75-47F2-A8A6-705A6C949339}.Release|Any CPU.Build.0 = Release|Any CPU
		{CDE4E9E3-C8FD-4E6E-8ED0-312A75BA1023}.Debug|Any CPU.ActiveCfg = Debug|Any CPU
		{CDE4E9E3-C8FD-4E6E-8ED0-312A75BA1023}.Debug|Any CPU.Build.0 = Debug|Any CPU
		{CDE4E9E3-C8FD-4E6E-8ED0-312A75BA1023}.Release|Any CPU.ActiveCfg = Release|Any CPU
		{CDE4E9E3-C8FD-4E6E-8ED0-312A75BA1023}.Release|Any CPU.Build.0 = Release|Any CPU
		{43D9CFA0-FC94-4647-8EDB-4AD262369B72}.Debug|Any CPU.ActiveCfg = Debug|Any CPU
		{43D9CFA0-FC94-4647-8EDB-4AD262369B72}.Debug|Any CPU.Build.0 = Debug|Any CPU
		{43D9CFA0-FC94-4647-8EDB-4AD262369B72}.Release|Any CPU.ActiveCfg = Release|Any CPU
		{43D9CFA0-FC94-4647-8EDB-4AD262369B72}.Release|Any CPU.Build.0 = Release|Any CPU
		{D13A7BD8-8BA7-429D-A43D-DFD894BA6AAC}.Debug|Any CPU.ActiveCfg = Debug|Any CPU
		{D13A7BD8-8BA7-429D-A43D-DFD894BA6AAC}.Debug|Any CPU.Build.0 = Debug|Any CPU
		{D13A7BD8-8BA7-429D-A43D-DFD894BA6AAC}.Release|Any CPU.ActiveCfg = Release|Any CPU
		{D13A7BD8-8BA7-429D-A43D-DFD894BA6AAC}.Release|Any CPU.Build.0 = Release|Any CPU
		{EAECEF7F-5C71-4AD9-99E4-C3B35C84BEC3}.Debug|Any CPU.ActiveCfg = Debug|Any CPU
		{EAECEF7F-5C71-4AD9-99E4-C3B35C84BEC3}.Debug|Any CPU.Build.0 = Debug|Any CPU
		{EAECEF7F-5C71-4AD9-99E4-C3B35C84BEC3}.Release|Any CPU.ActiveCfg = Release|Any CPU
		{EAECEF7F-5C71-4AD9-99E4-C3B35C84BEC3}.Release|Any CPU.Build.0 = Release|Any CPU
		{C8621A41-4E07-4A61-B8EC-A75B46DFFBBC}.Debug|Any CPU.ActiveCfg = Debug|Any CPU
		{C8621A41-4E07-4A61-B8EC-A75B46DFFBBC}.Debug|Any CPU.Build.0 = Debug|Any CPU
		{C8621A41-4E07-4A61-B8EC-A75B46DFFBBC}.Release|Any CPU.ActiveCfg = Release|Any CPU
		{C8621A41-4E07-4A61-B8EC-A75B46DFFBBC}.Release|Any CPU.Build.0 = Release|Any CPU
	EndGlobalSection
	GlobalSection(SolutionProperties) = preSolution
		HideSolutionNode = FALSE
	EndGlobalSection
	GlobalSection(ExtensibilityGlobals) = postSolution
		SolutionGuid = {FD8E63CA-7D29-499E-8CCA-DA3D66BA6261}
	EndGlobalSection
EndGlobal
